
Microsoft Visual Studio Solution File, Format Version 12.00
# Visual Studio Version 17
VisualStudioVersion = 17.9.34310.174
MinimumVisualStudioVersion = 10.0.40219.1
Project("{FAE04EC0-301F-11D3-BF4B-00C04F79EFBC}") = "TaskMannager", "TaskMannager.csproj", "{09DC7705-EFC4-49C1-A212-81C89A4E68A3}"
EndProject
Global
	GlobalSection(SolutionConfigurationPlatforms) = preSolution
		Debug|Any CPU = Debug|Any CPU
		Release|Any CPU = Release|Any CPU
	EndGlobalSection
	GlobalSection(ProjectConfigurationPlatforms) = postSolution
		{09DC7705-EFC4-49C1-A212-81C89A4E68A3}.Debug|Any CPU.ActiveCfg = Debug|Any CPU
		{09DC7705-EFC4-49C1-A212-81C89A4E68A3}.Debug|Any CPU.Build.0 = Debug|Any CPU
		{09DC7705-EFC4-49C1-A212-81C89A4E68A3}.Release|Any CPU.ActiveCfg = Release|Any CPU
		{09DC7705-EFC4-49C1-A212-81C89A4E68A3}.Release|Any CPU.Build.0 = Release|Any CPU
	EndGlobalSection
	GlobalSection(SolutionProperties) = preSolution
		HideSolutionNode = FALSE
	EndGlobalSection
	GlobalSection(ExtensibilityGlobals) = postSolution
		SolutionGuid = {88FE482A-609D-4410-86CF-BC9BB2984289}
	EndGlobalSection
EndGlobal
